
Microsoft Visual Studio Solution File, Format Version 12.00
# Visual Studio Version 16
VisualStudioVersion = 16.0.31025.194
MinimumVisualStudioVersion = 10.0.40219.1
Project("{9A19103F-16F7-4668-BE54-9A1E7A4F7556}") = "BlazorSimpleServerApp", "BlazorSimpleServerApp\BlazorSimpleServerApp.csproj", "{087894B2-A85A-401A-8860-C4370E88AC44}"
EndProject
Global
	GlobalSection(SolutionConfigurationPlatforms) = preSolution
		Debug|Any CPU = Debug|Any CPU
		Release|Any CPU = Release|Any CPU
	EndGlobalSection
	GlobalSection(ProjectConfigurationPlatforms) = postSolution
		{087894B2-A85A-401A-8860-C4370E88AC44}.Debug|Any CPU.ActiveCfg = Debug|Any CPU
		{087894B2-A85A-401A-8860-C4370E88AC44}.Debug|Any CPU.Build.0 = Debug|Any CPU
		{087894B2-A85A-401A-8860-C4370E88AC44}.Release|Any CPU.ActiveCfg = Release|Any CPU
		{087894B2-A85A-401A-8860-C4370E88AC44}.Release|Any CPU.Build.0 = Release|Any CPU
	EndGlobalSection
	GlobalSection(SolutionProperties) = preSolution
		HideSolutionNode = FALSE
	EndGlobalSection
	GlobalSection(ExtensibilityGlobals) = postSolution
		SolutionGuid = {DC097FEF-2424-454B-A1D2-8EFA217E248E}
	EndGlobalSection
EndGlobal
